<?xml version="1.0" encoding="utf-8"?>
<Project ToolsVersion="4.0" xmlns="http://schemas.microsoft.com/developer/msbuild/2003">
  <ItemGroup>
    <Filter Include="源文件">
      <UniqueIdentifier>{4FC737F1-C7A5-4376-A066-2A32D752A2FF}</UniqueIdentifier>
      <Extensions>cpp;c;cc;cxx;def;odl;idl;hpj;bat;asm;asmx</Extensions>
    </Filter>
    <Filter Include="头文件">
      <UniqueIdentifier>{93995380-89BD-4b04-88EB-625FBE52EBFB}</UniqueIdentifier>
      <Extensions>h;hpp;hxx;hm;inl;inc;xsd</Extensions>
    </Filter>
    <Filter Include="资源文件">
      <UniqueIdentifier>{67DA6AB6-F800-4c08-8B7A-83BB121AAD01}</UniqueIdentifier>
      <Extensions>rc;ico;cur;bmp;dlg;rc2;rct;bin;rgs;gif;jpg;jpeg;jpe;resx;tiff;tif;png;wav;mfcribbon-ms</Extensions>
    </Filter>
  </ItemGroup>
  <ItemGroup>
    <None Include="ReadMe.txt" />
    <None Include="UserImages.bmp">
      <Filter>资源文件</Filter>
    </None>
    <None Include="res\EyeDetect.rc2">
      <Filter>资源文件</Filter>
    </None>
    <None Include="res\EyeDetectDoc.ico">
      <Filter>资源文件</Filter>
    </None>
    <None Include="res\EyeDetect.ico">
      <Filter>资源文件</Filter>
    </None>
    <None Include="res\Toolbar.bmp">
      <Filter>资源文件</Filter>
    </None>
    <None Include="res\Toolbar256.bmp">
      <Filter>资源文件</Filter>
    </None>
    <None Include="res\icon1.ico">
      <Filter>资源文件</Filter>
    </None>
    <None Include="res\toolbar1.bmp">
      <Filter>资源文件</Filter>
    </None>
    <None Include="res\bitmap1.bmp">
      <Filter>资源文件</Filter>
    </None>
    <None Include="res\icon2.ico">
      <Filter>资源文件</Filter>
    </None>
    <None Include="参数设置1.ico">
      <Filter>资源文件</Filter>
    </None>
    <None Include="图像 2.bmp">
      <Filter>资源文件</Filter>
    </None>
  </ItemGroup>
  <ItemGroup>
    <ClInclude Include="EyeDetect.h">
      <Filter>头文件</Filter>
    </ClInclude>
    <ClInclude Include="stdafx.h">
      <Filter>头文件</Filter>
    </ClInclude>
    <ClInclude Include="targetver.h">
      <Filter>头文件</Filter>
    </ClInclude>
    <ClInclude Include="MainFrm.h">
      <Filter>头文件</Filter>
    </ClInclude>
    <ClInclude Include="EyeDetectDoc.h">
      <Filter>头文件</Filter>
    </ClInclude>
    <ClInclude Include="EyeDetectView.h">
      <Filter>头文件</Filter>
    </ClInclude>
    <ClInclude Include="Resource.h">
      <Filter>头文件</Filter>
    </ClInclude>
    <ClInclude Include="LeftDockedPane.h">
      <Filter>头文件</Filter>
    </ClInclude>
    <ClInclude Include="DlgLeftDocked.h">
      <Filter>头文件</Filter>
    </ClInclude>
    <ClInclude Include="RightDockablePane.h">
      <Filter>头文件</Filter>
    </ClInclude>
    <ClInclude Include="DlgRightDocked.h">
      <Filter>头文件</Filter>
    </ClInclude>
    <ClInclude Include="ParamDefine.h">
      <Filter>头文件</Filter>
    </ClInclude>
    <ClInclude Include="AppPtrManage.h">
      <Filter>头文件</Filter>
    </ClInclude>
    <ClInclude Include="LoadImageListAdmin.h">
      <Filter>头文件</Filter>
    </ClInclude>
    <ClInclude Include="DlgOption.h">
      <Filter>头文件</Filter>
    </ClInclude>
    <ClInclude Include="ProcImageListAdmin.h">
      <Filter>头文件</Filter>
    </ClInclude>
    <ClInclude Include="DlgImageView.h">
      <Filter>头文件</Filter>
    </ClInclude>
    <ClInclude Include="tinystr.h">
      <Filter>头文件</Filter>
    </ClInclude>
    <ClInclude Include="tinyxml.h">
      <Filter>头文件</Filter>
    </ClInclude>
    <ClInclude Include="SysFileSet.h">
      <Filter>头文件</Filter>
    </ClInclude>
    <ClInclude Include="DlgPlugAdmin.h">
      <Filter>头文件</Filter>
    </ClInclude>
    <ClInclude Include="PlugInfoData.h">
      <Filter>头文件</Filter>
    </ClInclude>
    <ClInclude Include="OpenCVImage.h">
      <Filter>头文件</Filter>
    </ClInclude>
    <ClInclude Include="EyeDetect_Interface.h">
      <Filter>头文件</Filter>
    </ClInclude>
    <ClInclude Include="DlgPlugExec.h">
      <Filter>头文件</Filter>
    </ClInclude>
    <ClInclude Include="PlugDock.h">
      <Filter>头文件</Filter>
    </ClInclude>
    <ClInclude Include="DlgAddPlug.h">
      <Filter>头文件</Filter>
    </ClInclude>
    <ClInclude Include="XUnzip.h">
      <Filter>头文件</Filter>
    </ClInclude>
    <ClInclude Include="XZip.h">
      <Filter>头文件</Filter>
    </ClInclude>
  </ItemGroup>
  <ItemGroup>
    <ClCompile Include="EyeDetect.cpp">
      <Filter>源文件</Filter>
    </ClCompile>
    <ClCompile Include="stdafx.cpp">
      <Filter>源文件</Filter>
    </ClCompile>
    <ClCompile Include="MainFrm.cpp">
      <Filter>源文件</Filter>
    </ClCompile>
    <ClCompile Include="EyeDetectDoc.cpp">
      <Filter>源文件</Filter>
    </ClCompile>
    <ClCompile Include="EyeDetectView.cpp">
      <Filter>源文件</Filter>
    </ClCompile>
    <ClCompile Include="LeftDockedPane.cpp">
      <Filter>源文件</Filter>
    </ClCompile>
    <ClCompile Include="DlgLeftDocked.cpp">
      <Filter>源文件</Filter>
    </ClCompile>
    <ClCompile Include="RightDockablePane.cpp">
      <Filter>源文件</Filter>
    </ClCompile>
    <ClCompile Include="DlgRightDocked.cpp">
      <Filter>源文件</Filter>
    </ClCompile>
    <ClCompile Include="AppPtrManage.cpp">
      <Filter>源文件</Filter>
    </ClCompile>
    <ClCompile Include="LoadImageListAdmin.cpp">
      <Filter>源文件</Filter>
    </ClCompile>
    <ClCompile Include="DlgOption.cpp">
      <Filter>源文件</Filter>
    </ClCompile>
    <ClCompile Include="ProcImageListAdmin.cpp">
      <Filter>源文件</Filter>
    </ClCompile>
    <ClCompile Include="DlgImageView.cpp">
      <Filter>源文件</Filter>
    </ClCompile>
    <ClCompile Include="tinystr.cpp">
      <Filter>源文件</Filter>
    </ClCompile>
    <ClCompile Include="tinyxml.cpp">
      <Filter>源文件</Filter>
    </ClCompile>
    <ClCompile Include="tinyxmlerror.cpp">
      <Filter>源文件</Filter>
    </ClCompile>
    <ClCompile Include="tinyxmlparser.cpp">
      <Filter>源文件</Filter>
    </ClCompile>
    <ClCompile Include="SysFileSet.cpp">
      <Filter>源文件</Filter>
    </ClCompile>
    <ClCompile Include="DlgPlugAdmin.cpp">
      <Filter>源文件</Filter>
    </ClCompile>
    <ClCompile Include="PlugInfoData.cpp">
      <Filter>源文件</Filter>
    </ClCompile>
    <ClCompile Include="OpenCVImage.cpp">
      <Filter>源文件</Filter>
    </ClCompile>
    <ClCompile Include="DlgPlugExec.cpp">
      <Filter>源文件</Filter>
    </ClCompile>
    <ClCompile Include="PlugDock.cpp">
      <Filter>源文件</Filter>
    </ClCompile>
    <ClCompile Include="DlgAddPlug.cpp">
      <Filter>源文件</Filter>
    </ClCompile>
    <ClCompile Include="XUnzip.cpp">
      <Filter>源文件</Filter>
    </ClCompile>
    <ClCompile Include="XZip.cpp">
      <Filter>源文件</Filter>
    </ClCompile>
  </ItemGroup>
  <ItemGroup>
    <ResourceCompile Include="EyeDetect.rc">
      <Filter>资源文件</Filter>
    </ResourceCompile>
  </ItemGroup>
</Project>